
Microsoft Visual Studio Solution File, Format Version 12.00
# Visual Studio 15
VisualStudioVersion = 15.0.28307.421
MinimumVisualStudioVersion = 10.0.40219.1
Project("{9A19103F-16F7-4668-BE54-9A1E7A4F7556}") = "Customer", "Customer\Customer.csproj", "{34F7AB11-9775-4C84-89C3-89E40F0B998B}"
EndProject
Project("{E53339B2-1760-4266-BCC7-CA923CBCF16C}") = "docker-compose", "docker-compose.dcproj", "{6CA5FA98-243C-47C4-88C4-7FFAFAA6E1E4}"
EndProject
Project("{2150E333-8FDC-42A3-9474-1A3956D46DE8}") = "VehicleService", "VehicleService", "{A6D8D0B1-CCDD-4548-B4DB-03980DB78B92}"
EndProject
Project("{2150E333-8FDC-42A3-9474-1A3956D46DE8}") = "EventSourcing", "EventSourcing", "{BBD33B95-660E-441C-89E1-F5793160FC91}"
EndProject
Project("{2150E333-8FDC-42A3-9474-1A3956D46DE8}") = "CustomerService", "CustomerService", "{A7895CCD-EFAC-4EC8-88A0-46D0670773AD}"
EndProject
Project("{2150E333-8FDC-42A3-9474-1A3956D46DE8}") = "TrackingService", "TrackingService", "{35ABF771-0798-4BB5-9877-4DFD924CBA92}"
EndProject
Project("{9A19103F-16F7-4668-BE54-9A1E7A4F7556}") = "EventStore", "EventStore\EventStore.csproj", "{BB568762-55EB-4C82-A781-76A9B22E8EF7}"
EndProject
Project("{9A19103F-16F7-4668-BE54-9A1E7A4F7556}") = "VehicleTracker.Domain", "VehicleTracker.Domain\VehicleTracker.Domain.csproj", "{87CD0A7E-DC45-43AB-B7ED-DE02861FACF3}"
EndProject
Project("{FAE04EC0-301F-11D3-BF4B-00C04F79EFBC}") = "EventStore.Service", "EventStore.Service\EventStore.Service.csproj", "{B53BEAA4-9F64-43E0-BF90-EC33A80E9E44}"
EndProject
Global
	GlobalSection(SolutionConfigurationPlatforms) = preSolution
		Debug|Any CPU = Debug|Any CPU
		Release|Any CPU = Release|Any CPU
	EndGlobalSection
	GlobalSection(ProjectConfigurationPlatforms) = postSolution
		{34F7AB11-9775-4C84-89C3-89E40F0B998B}.Debug|Any CPU.ActiveCfg = Debug|Any CPU
		{34F7AB11-9775-4C84-89C3-89E40F0B998B}.Debug|Any CPU.Build.0 = Debug|Any CPU
		{34F7AB11-9775-4C84-89C3-89E40F0B998B}.Release|Any CPU.ActiveCfg = Release|Any CPU
		{34F7AB11-9775-4C84-89C3-89E40F0B998B}.Release|Any CPU.Build.0 = Release|Any CPU
		{6CA5FA98-243C-47C4-88C4-7FFAFAA6E1E4}.Debug|Any CPU.ActiveCfg = Debug|Any CPU
		{6CA5FA98-243C-47C4-88C4-7FFAFAA6E1E4}.Debug|Any CPU.Build.0 = Debug|Any CPU
		{6CA5FA98-243C-47C4-88C4-7FFAFAA6E1E4}.Release|Any CPU.ActiveCfg = Release|Any CPU
		{6CA5FA98-243C-47C4-88C4-7FFAFAA6E1E4}.Release|Any CPU.Build.0 = Release|Any CPU
		{BB568762-55EB-4C82-A781-76A9B22E8EF7}.Debug|Any CPU.ActiveCfg = Debug|Any CPU
		{BB568762-55EB-4C82-A781-76A9B22E8EF7}.Debug|Any CPU.Build.0 = Debug|Any CPU
		{BB568762-55EB-4C82-A781-76A9B22E8EF7}.Release|Any CPU.ActiveCfg = Release|Any CPU
		{BB568762-55EB-4C82-A781-76A9B22E8EF7}.Release|Any CPU.Build.0 = Release|Any CPU
		{87CD0A7E-DC45-43AB-B7ED-DE02861FACF3}.Debug|Any CPU.ActiveCfg = Debug|Any CPU
		{87CD0A7E-DC45-43AB-B7ED-DE02861FACF3}.Debug|Any CPU.Build.0 = Debug|Any CPU
		{87CD0A7E-DC45-43AB-B7ED-DE02861FACF3}.Release|Any CPU.ActiveCfg = Release|Any CPU
		{87CD0A7E-DC45-43AB-B7ED-DE02861FACF3}.Release|Any CPU.Build.0 = Release|Any CPU
		{B53BEAA4-9F64-43E0-BF90-EC33A80E9E44}.Debug|Any CPU.ActiveCfg = Debug|Any CPU
		{B53BEAA4-9F64-43E0-BF90-EC33A80E9E44}.Debug|Any CPU.Build.0 = Debug|Any CPU
		{B53BEAA4-9F64-43E0-BF90-EC33A80E9E44}.Release|Any CPU.ActiveCfg = Release|Any CPU
		{B53BEAA4-9F64-43E0-BF90-EC33A80E9E44}.Release|Any CPU.Build.0 = Release|Any CPU
	EndGlobalSection
	GlobalSection(SolutionProperties) = preSolution
		HideSolutionNode = FALSE
	EndGlobalSection
	GlobalSection(NestedProjects) = preSolution
		{34F7AB11-9775-4C84-89C3-89E40F0B998B} = {A7895CCD-EFAC-4EC8-88A0-46D0670773AD}
		{BB568762-55EB-4C82-A781-76A9B22E8EF7} = {BBD33B95-660E-441C-89E1-F5793160FC91}
		{B53BEAA4-9F64-43E0-BF90-EC33A80E9E44} = {BBD33B95-660E-441C-89E1-F5793160FC91}
	EndGlobalSection
	GlobalSection(ExtensibilityGlobals) = postSolution
		SolutionGuid = {CD105B1C-0C1D-49F2-BA6F-FF29D4F083A2}
	EndGlobalSection
EndGlobal
