
Microsoft Visual Studio Solution File, Format Version 12.00
# Visual Studio Version 16
VisualStudioVersion = 16.0.28606.126
MinimumVisualStudioVersion = 10.0.40219.1
Project("{2150E333-8FDC-42A3-9474-1A3956D46DE8}") = "VehicleService", "VehicleService", "{74E0A5B1-B8FE-4298-8E75-777BED57F0B9}"
EndProject
Project("{2150E333-8FDC-42A3-9474-1A3956D46DE8}") = "TrackingService", "TrackingService", "{5FB5EC0B-9AF2-4818-AB72-E78EA298F813}"
EndProject
Project("{9A19103F-16F7-4668-BE54-9A1E7A4F7556}") = "Vehicle7Tracker.Domain", "Vehicle7Tracker.Domain\Vehicle7Tracker.Domain.csproj", "{84146CF3-25AD-4FD4-A68D-E4B812E576CD}"
EndProject
Project("{2150E333-8FDC-42A3-9474-1A3956D46DE8}") = "CustomerService", "CustomerService", "{42026E43-7589-4660-9AF4-198A86455BAB}"
EndProject
Project("{9A19103F-16F7-4668-BE54-9A1E7A4F7556}") = "Vehicle.ReadStore", "Vehicle.ReadStore\Vehicle.ReadStore.csproj", "{17B217F1-D777-4B43-9E03-8ABBCAC143E8}"
EndProject
Project("{9A19103F-16F7-4668-BE54-9A1E7A4F7556}") = "Vehicle", "Vehicle\Vehicle.csproj", "{D42B60BD-98D1-407A-BE3F-A8D01DEC456F}"
EndProject
Project("{2150E333-8FDC-42A3-9474-1A3956D46DE8}") = "EventSourcing", "EventSourcing", "{9EEDD8FC-714B-47FF-BA22-99B722AE0498}"
EndProject
Project("{9A19103F-16F7-4668-BE54-9A1E7A4F7556}") = "EventStore", "EventStore\EventStore.csproj", "{06F782F8-6823-4475-8F8D-0863681E5231}"
EndProject
Project("{9A19103F-16F7-4668-BE54-9A1E7A4F7556}") = "EventStore.Middleware", "EventStore.Middleware\EventStore.Middleware.csproj", "{26E7B530-17DD-425C-B47E-DAE1CBF590A6}"
EndProject
Project("{E53339B2-1760-4266-BCC7-CA923CBCF16C}") = "docker-compose", "docker-compose.dcproj", "{C60F619F-420B-48B8-B633-BEF5CADFE2D0}"
EndProject
Global
	GlobalSection(SolutionConfigurationPlatforms) = preSolution
		Debug|Any CPU = Debug|Any CPU
		Release|Any CPU = Release|Any CPU
	EndGlobalSection
	GlobalSection(ProjectConfigurationPlatforms) = postSolution
		{84146CF3-25AD-4FD4-A68D-E4B812E576CD}.Debug|Any CPU.ActiveCfg = Debug|Any CPU
		{84146CF3-25AD-4FD4-A68D-E4B812E576CD}.Debug|Any CPU.Build.0 = Debug|Any CPU
		{84146CF3-25AD-4FD4-A68D-E4B812E576CD}.Release|Any CPU.ActiveCfg = Release|Any CPU
		{84146CF3-25AD-4FD4-A68D-E4B812E576CD}.Release|Any CPU.Build.0 = Release|Any CPU
		{17B217F1-D777-4B43-9E03-8ABBCAC143E8}.Debug|Any CPU.ActiveCfg = Debug|Any CPU
		{17B217F1-D777-4B43-9E03-8ABBCAC143E8}.Debug|Any CPU.Build.0 = Debug|Any CPU
		{17B217F1-D777-4B43-9E03-8ABBCAC143E8}.Release|Any CPU.ActiveCfg = Release|Any CPU
		{17B217F1-D777-4B43-9E03-8ABBCAC143E8}.Release|Any CPU.Build.0 = Release|Any CPU
		{D42B60BD-98D1-407A-BE3F-A8D01DEC456F}.Debug|Any CPU.ActiveCfg = Debug|Any CPU
		{D42B60BD-98D1-407A-BE3F-A8D01DEC456F}.Debug|Any CPU.Build.0 = Debug|Any CPU
		{D42B60BD-98D1-407A-BE3F-A8D01DEC456F}.Release|Any CPU.ActiveCfg = Release|Any CPU
		{D42B60BD-98D1-407A-BE3F-A8D01DEC456F}.Release|Any CPU.Build.0 = Release|Any CPU
		{06F782F8-6823-4475-8F8D-0863681E5231}.Debug|Any CPU.ActiveCfg = Debug|Any CPU
		{06F782F8-6823-4475-8F8D-0863681E5231}.Debug|Any CPU.Build.0 = Debug|Any CPU
		{06F782F8-6823-4475-8F8D-0863681E5231}.Release|Any CPU.ActiveCfg = Release|Any CPU
		{06F782F8-6823-4475-8F8D-0863681E5231}.Release|Any CPU.Build.0 = Release|Any CPU
		{26E7B530-17DD-425C-B47E-DAE1CBF590A6}.Debug|Any CPU.ActiveCfg = Debug|Any CPU
		{26E7B530-17DD-425C-B47E-DAE1CBF590A6}.Debug|Any CPU.Build.0 = Debug|Any CPU
		{26E7B530-17DD-425C-B47E-DAE1CBF590A6}.Release|Any CPU.ActiveCfg = Release|Any CPU
		{26E7B530-17DD-425C-B47E-DAE1CBF590A6}.Release|Any CPU.Build.0 = Release|Any CPU
		{C60F619F-420B-48B8-B633-BEF5CADFE2D0}.Debug|Any CPU.ActiveCfg = Debug|Any CPU
		{C60F619F-420B-48B8-B633-BEF5CADFE2D0}.Debug|Any CPU.Build.0 = Debug|Any CPU
		{C60F619F-420B-48B8-B633-BEF5CADFE2D0}.Release|Any CPU.ActiveCfg = Release|Any CPU
		{C60F619F-420B-48B8-B633-BEF5CADFE2D0}.Release|Any CPU.Build.0 = Release|Any CPU
	EndGlobalSection
	GlobalSection(SolutionProperties) = preSolution
		HideSolutionNode = FALSE
	EndGlobalSection
	GlobalSection(NestedProjects) = preSolution
		{17B217F1-D777-4B43-9E03-8ABBCAC143E8} = {74E0A5B1-B8FE-4298-8E75-777BED57F0B9}
		{D42B60BD-98D1-407A-BE3F-A8D01DEC456F} = {74E0A5B1-B8FE-4298-8E75-777BED57F0B9}
		{06F782F8-6823-4475-8F8D-0863681E5231} = {9EEDD8FC-714B-47FF-BA22-99B722AE0498}
		{26E7B530-17DD-425C-B47E-DAE1CBF590A6} = {9EEDD8FC-714B-47FF-BA22-99B722AE0498}
	EndGlobalSection
	GlobalSection(ExtensibilityGlobals) = postSolution
		SolutionGuid = {F6E9E8CA-C864-4CAD-9391-C1E55AF10322}
	EndGlobalSection
EndGlobal
