
Microsoft Visual Studio Solution File, Format Version 12.00
# Visual Studio Version 16
VisualStudioVersion = 16.0.28606.126
MinimumVisualStudioVersion = 10.0.40219.1
Project("{9A19103F-16F7-4668-BE54-9A1E7A4F7556}") = "EventStore.Middleware", "EventStore.Middleware\EventStore.Middleware.csproj", "{21188E10-7D67-4F96-B37C-86548BDECE8A}"
EndProject
Project("{2150E333-8FDC-42A3-9474-1A3956D46DE8}") = "EventSourcing", "EventSourcing", "{F786B4C9-3715-410F-991F-82BB2974CB81}"
EndProject
Project("{9A19103F-16F7-4668-BE54-9A1E7A4F7556}") = "VehicleTracker", "VehicleTracker\VehicleTracker.csproj", "{C1456D17-957C-4175-B9E1-A9FD3A115557}"
EndProject
Project("{9A19103F-16F7-4668-BE54-9A1E7A4F7556}") = "EventStore", "EventStore\EventStore.csproj", "{B98458EC-6AA6-4FDE-BD73-CA0ED19F7458}"
EndProject
Project("{E53339B2-1760-4266-BCC7-CA923CBCF16C}") = "docker-compose", "docker-compose.dcproj", "{53DEC392-09B5-4C27-ACDC-65B1DAED386F}"
EndProject
Project("{2150E333-8FDC-42A3-9474-1A3956D46DE8}") = "VehicleService", "VehicleService", "{CC4CCCFD-B50E-4D89-A055-0352FD31692F}"
EndProject
Project("{9A19103F-16F7-4668-BE54-9A1E7A4F7556}") = "Vehicle.ReadStore", "Vehicle.ReadStore\Vehicle.ReadStore.csproj", "{5E52E143-A91F-40D4-B992-26442C6E1073}"
EndProject
Project("{9A19103F-16F7-4668-BE54-9A1E7A4F7556}") = "Vehicle.Service", "Vehicle.Service\Vehicle.Service.csproj", "{AAC9CB74-5400-4B99-8A86-E7658036DF4F}"
EndProject
Project("{2150E333-8FDC-42A3-9474-1A3956D46DE8}") = "IdentityService", "IdentityService", "{79EC5CBA-4E9A-4801-9647-A1FD2A169C3A}"
EndProject
Project("{9A19103F-16F7-4668-BE54-9A1E7A4F7556}") = "Identity.Service", "Identity.Service\Identity.Service.csproj", "{E1C1531B-9511-48EE-B8EB-69BC58105D56}"
EndProject
Project("{9A19103F-16F7-4668-BE54-9A1E7A4F7556}") = "VehicleTracker.Infrastructure", "VehicleTracker.Infrastructure\VehicleTracker.Infrastructure.csproj", "{A65BE135-99EF-411E-AB9B-4E8C2974D1FA}"
EndProject
Project("{2150E333-8FDC-42A3-9474-1A3956D46DE8}") = "CustomerService", "CustomerService", "{82F10FE3-24F7-44A0-ACAF-5BB0FD7CF18C}"
EndProject
Project("{2150E333-8FDC-42A3-9474-1A3956D46DE8}") = "TrackingService", "TrackingService", "{1A05329C-9718-4BA3-981E-7FB483EADD82}"
EndProject
Project("{9A19103F-16F7-4668-BE54-9A1E7A4F7556}") = "Customer.ReadStore", "Customer.ReadStore\Customer.ReadStore.csproj", "{27067C64-AF3C-47FE-961D-B1FADB3E0C50}"
EndProject
Project("{9A19103F-16F7-4668-BE54-9A1E7A4F7556}") = "Customer.Service", "Customer.Service\Customer.Service.csproj", "{CAC3D6A8-E82A-40AC-A865-16E2FE2F58A2}"
EndProject
Global
	GlobalSection(SolutionConfigurationPlatforms) = preSolution
		Debug|Any CPU = Debug|Any CPU
		Release|Any CPU = Release|Any CPU
	EndGlobalSection
	GlobalSection(ProjectConfigurationPlatforms) = postSolution
		{21188E10-7D67-4F96-B37C-86548BDECE8A}.Debug|Any CPU.ActiveCfg = Debug|Any CPU
		{21188E10-7D67-4F96-B37C-86548BDECE8A}.Debug|Any CPU.Build.0 = Debug|Any CPU
		{21188E10-7D67-4F96-B37C-86548BDECE8A}.Release|Any CPU.ActiveCfg = Release|Any CPU
		{21188E10-7D67-4F96-B37C-86548BDECE8A}.Release|Any CPU.Build.0 = Release|Any CPU
		{C1456D17-957C-4175-B9E1-A9FD3A115557}.Debug|Any CPU.ActiveCfg = Debug|Any CPU
		{C1456D17-957C-4175-B9E1-A9FD3A115557}.Debug|Any CPU.Build.0 = Debug|Any CPU
		{C1456D17-957C-4175-B9E1-A9FD3A115557}.Release|Any CPU.ActiveCfg = Release|Any CPU
		{C1456D17-957C-4175-B9E1-A9FD3A115557}.Release|Any CPU.Build.0 = Release|Any CPU
		{B98458EC-6AA6-4FDE-BD73-CA0ED19F7458}.Debug|Any CPU.ActiveCfg = Debug|Any CPU
		{B98458EC-6AA6-4FDE-BD73-CA0ED19F7458}.Debug|Any CPU.Build.0 = Debug|Any CPU
		{B98458EC-6AA6-4FDE-BD73-CA0ED19F7458}.Release|Any CPU.ActiveCfg = Release|Any CPU
		{B98458EC-6AA6-4FDE-BD73-CA0ED19F7458}.Release|Any CPU.Build.0 = Release|Any CPU
		{53DEC392-09B5-4C27-ACDC-65B1DAED386F}.Debug|Any CPU.ActiveCfg = Debug|Any CPU
		{53DEC392-09B5-4C27-ACDC-65B1DAED386F}.Debug|Any CPU.Build.0 = Debug|Any CPU
		{53DEC392-09B5-4C27-ACDC-65B1DAED386F}.Release|Any CPU.ActiveCfg = Release|Any CPU
		{53DEC392-09B5-4C27-ACDC-65B1DAED386F}.Release|Any CPU.Build.0 = Release|Any CPU
		{5E52E143-A91F-40D4-B992-26442C6E1073}.Debug|Any CPU.ActiveCfg = Debug|Any CPU
		{5E52E143-A91F-40D4-B992-26442C6E1073}.Debug|Any CPU.Build.0 = Debug|Any CPU
		{5E52E143-A91F-40D4-B992-26442C6E1073}.Release|Any CPU.ActiveCfg = Release|Any CPU
		{5E52E143-A91F-40D4-B992-26442C6E1073}.Release|Any CPU.Build.0 = Release|Any CPU
		{AAC9CB74-5400-4B99-8A86-E7658036DF4F}.Debug|Any CPU.ActiveCfg = Debug|Any CPU
		{AAC9CB74-5400-4B99-8A86-E7658036DF4F}.Debug|Any CPU.Build.0 = Debug|Any CPU
		{AAC9CB74-5400-4B99-8A86-E7658036DF4F}.Release|Any CPU.ActiveCfg = Release|Any CPU
		{AAC9CB74-5400-4B99-8A86-E7658036DF4F}.Release|Any CPU.Build.0 = Release|Any CPU
		{E1C1531B-9511-48EE-B8EB-69BC58105D56}.Debug|Any CPU.ActiveCfg = Debug|Any CPU
		{E1C1531B-9511-48EE-B8EB-69BC58105D56}.Debug|Any CPU.Build.0 = Debug|Any CPU
		{E1C1531B-9511-48EE-B8EB-69BC58105D56}.Release|Any CPU.ActiveCfg = Release|Any CPU
		{E1C1531B-9511-48EE-B8EB-69BC58105D56}.Release|Any CPU.Build.0 = Release|Any CPU
		{A65BE135-99EF-411E-AB9B-4E8C2974D1FA}.Debug|Any CPU.ActiveCfg = Debug|Any CPU
		{A65BE135-99EF-411E-AB9B-4E8C2974D1FA}.Debug|Any CPU.Build.0 = Debug|Any CPU
		{A65BE135-99EF-411E-AB9B-4E8C2974D1FA}.Release|Any CPU.ActiveCfg = Release|Any CPU
		{A65BE135-99EF-411E-AB9B-4E8C2974D1FA}.Release|Any CPU.Build.0 = Release|Any CPU
		{27067C64-AF3C-47FE-961D-B1FADB3E0C50}.Debug|Any CPU.ActiveCfg = Debug|Any CPU
		{27067C64-AF3C-47FE-961D-B1FADB3E0C50}.Debug|Any CPU.Build.0 = Debug|Any CPU
		{27067C64-AF3C-47FE-961D-B1FADB3E0C50}.Release|Any CPU.ActiveCfg = Release|Any CPU
		{27067C64-AF3C-47FE-961D-B1FADB3E0C50}.Release|Any CPU.Build.0 = Release|Any CPU
		{CAC3D6A8-E82A-40AC-A865-16E2FE2F58A2}.Debug|Any CPU.ActiveCfg = Debug|Any CPU
		{CAC3D6A8-E82A-40AC-A865-16E2FE2F58A2}.Debug|Any CPU.Build.0 = Debug|Any CPU
		{CAC3D6A8-E82A-40AC-A865-16E2FE2F58A2}.Release|Any CPU.ActiveCfg = Release|Any CPU
		{CAC3D6A8-E82A-40AC-A865-16E2FE2F58A2}.Release|Any CPU.Build.0 = Release|Any CPU
	EndGlobalSection
	GlobalSection(SolutionProperties) = preSolution
		HideSolutionNode = FALSE
	EndGlobalSection
	GlobalSection(NestedProjects) = preSolution
		{21188E10-7D67-4F96-B37C-86548BDECE8A} = {F786B4C9-3715-410F-991F-82BB2974CB81}
		{B98458EC-6AA6-4FDE-BD73-CA0ED19F7458} = {F786B4C9-3715-410F-991F-82BB2974CB81}
		{5E52E143-A91F-40D4-B992-26442C6E1073} = {CC4CCCFD-B50E-4D89-A055-0352FD31692F}
		{AAC9CB74-5400-4B99-8A86-E7658036DF4F} = {CC4CCCFD-B50E-4D89-A055-0352FD31692F}
		{E1C1531B-9511-48EE-B8EB-69BC58105D56} = {79EC5CBA-4E9A-4801-9647-A1FD2A169C3A}
		{27067C64-AF3C-47FE-961D-B1FADB3E0C50} = {82F10FE3-24F7-44A0-ACAF-5BB0FD7CF18C}
		{CAC3D6A8-E82A-40AC-A865-16E2FE2F58A2} = {82F10FE3-24F7-44A0-ACAF-5BB0FD7CF18C}
	EndGlobalSection
	GlobalSection(ExtensibilityGlobals) = postSolution
		SolutionGuid = {D7F2A326-4BB5-46F5-8946-A28FE141764B}
	EndGlobalSection
EndGlobal
